
Microsoft Visual Studio Solution File, Format Version 12.00
# Visual Studio 2012
Project("{FAE04EC0-301F-11D3-BF4B-00C04F79EFBC}") = "Mvc4AndMvcSiteMapProvider", "Mvc4AndMvcSiteMapProvider\Mvc4AndMvcSiteMapProvider.csproj", "{7613215C-5D07-4693-A516-B88429B0CC7E}"
EndProject
Global
	GlobalSection(SolutionConfigurationPlatforms) = preSolution
		Debug|Any CPU = Debug|Any CPU
		Release|Any CPU = Release|Any CPU
	EndGlobalSection
	GlobalSection(ProjectConfigurationPlatforms) = postSolution
		{7613215C-5D07-4693-A516-B88429B0CC7E}.Debug|Any CPU.ActiveCfg = Debug|Any CPU
		{7613215C-5D07-4693-A516-B88429B0CC7E}.Debug|Any CPU.Build.0 = Debug|Any CPU
		{7613215C-5D07-4693-A516-B88429B0CC7E}.Release|Any CPU.ActiveCfg = Release|Any CPU
		{7613215C-5D07-4693-A516-B88429B0CC7E}.Release|Any CPU.Build.0 = Release|Any CPU
	EndGlobalSection
	GlobalSection(SolutionProperties) = preSolution
		HideSolutionNode = FALSE
	EndGlobalSection
EndGlobal
